
Microsoft Visual Studio Solution File, Format Version 12.00
# Visual Studio Version 17
VisualStudioVersion = 17.13.35825.156 d17.13
MinimumVisualStudioVersion = 10.0.40219.1
Project("{8BC9CEB8-8B4A-11D0-8D11-00A0C91BC942}") = "calculatedll", "calculatedll.vcxproj", "{7A5180A9-442A-4888-931B-6630D8502E54}"
EndProject
Global
	GlobalSection(SolutionConfigurationPlatforms) = preSolution
		Debug|x64 = Debug|x64
		Debug|x86 = Debug|x86
		Release|x64 = Release|x64
		Release|x86 = Release|x86
	EndGlobalSection
	GlobalSection(ProjectConfigurationPlatforms) = postSolution
		{7A5180A9-442A-4888-931B-6630D8502E54}.Debug|x64.ActiveCfg = Debug|x64
		{7A5180A9-442A-4888-931B-6630D8502E54}.Debug|x64.Build.0 = Debug|x64
		{7A5180A9-442A-4888-931B-6630D8502E54}.Debug|x86.ActiveCfg = Debug|Win32
		{7A5180A9-442A-4888-931B-6630D8502E54}.Debug|x86.Build.0 = Debug|Win32
		{7A5180A9-442A-4888-931B-6630D8502E54}.Release|x64.ActiveCfg = Release|x64
		{7A5180A9-442A-4888-931B-6630D8502E54}.Release|x64.Build.0 = Release|x64
		{7A5180A9-442A-4888-931B-6630D8502E54}.Release|x86.ActiveCfg = Release|Win32
		{7A5180A9-442A-4888-931B-6630D8502E54}.Release|x86.Build.0 = Release|Win32
	EndGlobalSection
	GlobalSection(SolutionProperties) = preSolution
		HideSolutionNode = FALSE
	EndGlobalSection
	GlobalSection(ExtensibilityGlobals) = postSolution
		SolutionGuid = {98A01772-C5F1-43DD-9E34-DD413FC35B44}
	EndGlobalSection
EndGlobal
